
Microsoft Visual Studio Solution File, Format Version 12.00
# Visual Studio Version 17
VisualStudioVersion = 17.10.35013.160
MinimumVisualStudioVersion = 10.0.40219.1
Project("{9A19103F-16F7-4668-BE54-9A1E7A4F7556}") = "PatchTool", "PatchTool\PatchTool.csproj", "{2FF870D0-17DE-4767-A35D-2B678766D44D}"
EndProject
Project("{9A19103F-16F7-4668-BE54-9A1E7A4F7556}") = "PatchToolService", "PatchToolService\PatchToolService.csproj", "{75B03FE0-A535-4712-AB8C-7D22AF8DFC1B}"
EndProject
Project("{FAE04EC0-301F-11D3-BF4B-00C04F79EFBC}") = "PatchToolTests", "PatchToolTests\PatchToolTests.csproj", "{81419602-4D8C-444C-8E1C-FC61C309B06B}"
EndProject
Global
	GlobalSection(SolutionConfigurationPlatforms) = preSolution
		Debug|Any CPU = Debug|Any CPU
		Release|Any CPU = Release|Any CPU
	EndGlobalSection
	GlobalSection(ProjectConfigurationPlatforms) = postSolution
		{2FF870D0-17DE-4767-A35D-2B678766D44D}.Debug|Any CPU.ActiveCfg = Debug|Any CPU
		{2FF870D0-17DE-4767-A35D-2B678766D44D}.Debug|Any CPU.Build.0 = Debug|Any CPU
		{2FF870D0-17DE-4767-A35D-2B678766D44D}.Release|Any CPU.ActiveCfg = Release|Any CPU
		{2FF870D0-17DE-4767-A35D-2B678766D44D}.Release|Any CPU.Build.0 = Release|Any CPU
		{75B03FE0-A535-4712-AB8C-7D22AF8DFC1B}.Debug|Any CPU.ActiveCfg = Debug|Any CPU
		{75B03FE0-A535-4712-AB8C-7D22AF8DFC1B}.Debug|Any CPU.Build.0 = Debug|Any CPU
		{75B03FE0-A535-4712-AB8C-7D22AF8DFC1B}.Release|Any CPU.ActiveCfg = Release|Any CPU
		{75B03FE0-A535-4712-AB8C-7D22AF8DFC1B}.Release|Any CPU.Build.0 = Release|Any CPU
		{81419602-4D8C-444C-8E1C-FC61C309B06B}.Debug|Any CPU.ActiveCfg = Debug|Any CPU
		{81419602-4D8C-444C-8E1C-FC61C309B06B}.Debug|Any CPU.Build.0 = Debug|Any CPU
		{81419602-4D8C-444C-8E1C-FC61C309B06B}.Release|Any CPU.ActiveCfg = Release|Any CPU
		{81419602-4D8C-444C-8E1C-FC61C309B06B}.Release|Any CPU.Build.0 = Release|Any CPU
	EndGlobalSection
	GlobalSection(SolutionProperties) = preSolution
		HideSolutionNode = FALSE
	EndGlobalSection
	GlobalSection(ExtensibilityGlobals) = postSolution
		SolutionGuid = {0FD7FECE-14BE-4E96-A8F8-B0D5FFC3045D}
	EndGlobalSection
EndGlobal
